# THIS IS AN AUTOGENERATED FILE. DO NOT EDIT THIS FILE DIRECTLY.
# yarn lockfile v1


mobx-react-lite@>=2.2.0:
  version "2.2.1"
  resolved "https://registry.yarnpkg.com/mobx-react-lite/-/mobx-react-lite-2.2.1.tgz#9c05dd799005d29ec1671ae86ca30b3ab5411055"
  integrity sha512-SxOuV7Q1MLdj9uRUG8N1x9lBa4cS9c+YwlcrvrBVuCTlNrgRrrHuydfBHW/0f3pALhvGhcg+JEvf1gMWOuej4A==

mobx-react@^6.3.0:
  version "6.3.0"
  resolved "https://registry.yarnpkg.com/mobx-react/-/mobx-react-6.3.0.tgz#7d11799f988bbdadc49e725081993b18baa20329"
  integrity sha512-C14yya2nqEBRSEiJjPkhoWJLlV8pcCX3m2JRV7w1KivwANJqipoiPx9UMH4pm6QNMbqDdvJqoyl+LqNu9AhvEQ==
  dependencies:
    mobx-react-lite ">=2.2.0"
